
Microsoft Visual Studio Solution File, Format Version 12.00
# Visual Studio Version 18
VisualStudioVersion = 18.7.11903.348 stable
MinimumVisualStudioVersion = 10.0.40219.1
Project("{FAE04EC0-301F-11D3-BF4B-00C04F79EFBC}") = "WinUSBNet", "WinUSBNet\WinUSBNet.csproj", "{CE06C329-287D-4F1E-B62D-B8353F2BAA4A}"
EndProject
Project("{2150E333-8FDC-42A3-9474-1A3956D46DE8}") = "Other files", "Other files", "{6DA56BAF-F04E-48CE-8814-179E6CA02126}"
	ProjectSection(SolutionItems) = preProject
		.github\workflows\build.yml = .github\workflows\build.yml
		Changelog.md = Changelog.md
		README.md = README.md
	EndProjectSection
EndProject
Global
	GlobalSection(SolutionConfigurationPlatforms) = preSolution
		Debug|Any CPU = Debug|Any CPU
		Release|Any CPU = Release|Any CPU
	EndGlobalSection
	GlobalSection(ProjectConfigurationPlatforms) = postSolution
		{CE06C329-287D-4F1E-B62D-B8353F2BAA4A}.Debug|Any CPU.ActiveCfg = Debug|Any CPU
		{CE06C329-287D-4F1E-B62D-B8353F2BAA4A}.Debug|Any CPU.Build.0 = Debug|Any CPU
		{CE06C329-287D-4F1E-B62D-B8353F2BAA4A}.Release|Any CPU.ActiveCfg = Release|Any CPU
		{CE06C329-287D-4F1E-B62D-B8353F2BAA4A}.Release|Any CPU.Build.0 = Release|Any CPU
	EndGlobalSection
	GlobalSection(SolutionProperties) = preSolution
		HideSolutionNode = FALSE
	EndGlobalSection
	GlobalSection(ExtensibilityGlobals) = postSolution
		SolutionGuid = {1B49728A-AC16-484C-88F3-19A412558DD4}
	EndGlobalSection
EndGlobal
